// !$*UTF8*$!
{
	archiveVersion = 1;
	classes = {
	};
	objectVersion = 55;
	objects = {

/* Begin PBXBuildFile section */
		47AF5A7627DE6E74005FD8BD /* AppDelegate.swift in Sources */ = {isa = PBXBuildFile; fileRef = 47AF5A7527DE6E74005FD8BD /* AppDelegate.swift */; };
		47AF5A7827DE6E74005FD8BD /* SceneDelegate.swift in Sources */ = {isa = PBXBuildFile; fileRef = 47AF5A7727DE6E74005FD8BD /* SceneDelegate.swift */; };
		47AF5A7A27DE6E74005FD8BD /* ViewController.swift in Sources */ = {isa = PBXBuildFile; fileRef = 47AF5A7927DE6E74005FD8BD /* ViewController.swift */; };
		47AF5A7D27DE6E74005FD8BD /* Main.storyboard in Resources */ = {isa = PBXBuildFile; fileRef = 47AF5A7B27DE6E74005FD8BD /* Main.storyboard */; };
		47AF5A7F27DE6E76005FD8BD /* Assets.xcassets in Resources */ = {isa = PBXBuildFile; fileRef = 47AF5A7E27DE6E76005FD8BD /* Assets.xcassets */; };
		47AF5A8227DE6E76005FD8BD /* LaunchScreen.storyboard in Resources */ = {isa = PBXBuildFile; fileRef = 47AF5A8027DE6E76005FD8BD /* LaunchScreen.storyboard */; };
		47AF5A8A27DE6FF0005FD8BD /* ViewController2.swift in Sources */ = {isa = PBXBuildFile; fileRef = 47AF5A8927DE6FF0005FD8BD /* ViewController2.swift */; };
		47AF5A8C27DE7493005FD8BD /* Simpsons.swift in Sources */ = {isa = PBXBuildFile; fileRef = 47AF5A8B27DE7493005FD8BD /* Simpsons.swift */; };
/* End PBXBuildFile section */

/* Begin PBXFileReference section */
		47AF5A7227DE6E74005FD8BD /* Simpson.app */ = {isa = PBXFileReference; explicitFileType = wrapper.application; includeInIndex = 0; path = Simpson.app; sourceTree = BUILT_PRODUCTS_DIR; };
		47AF5A7527DE6E74005FD8BD /* AppDelegate.swift */ = {isa = PBXFileReference; lastKnownFileType = sourcecode.swift; path = AppDelegate.swift; sourceTree = "<group>"; };
		47AF5A7727DE6E74005FD8BD /* SceneDelegate.swift */ = {isa = PBXFileReference; lastKnownFileType = sourcecode.swift; path = SceneDelegate.swift; sourceTree = "<group>"; };
		47AF5A7927DE6E74005FD8BD /* ViewController.swift */ = {isa = PBXFileReference; lastKnownFileType = sourcecode.swift; path = ViewController.swift; sourceTree = "<group>"; };
		47AF5A7C27DE6E74005FD8BD /* Base */ = {isa = PBXFileReference; lastKnownFileType = file.storyboard; name = Base; path = Base.lproj/Main.storyboard; sourceTree = "<group>"; };
		47AF5A7E27DE6E76005FD8BD /* Assets.xcassets */ = {isa = PBXFileReference; lastKnownFileType = folder.assetcatalog; path = Assets.xcassets; sourceTree = "<group>"; };
		47AF5A8127DE6E76005FD8BD /* Base */ = {isa = PBXFileReference; lastKnownFileType = file.storyboard; name = Base; path = Base.lproj/LaunchScreen.storyboard; sourceTree = "<group>"; };
		47AF5A8327DE6E76005FD8BD /* Info.plist */ = {isa = PBXFileReference; lastKnownFileType = text.plist.xml; path = Info.plist; sourceTree = "<group>"; };
		47AF5A8927DE6FF0005FD8BD /* ViewController2.swift */ = {isa = PBXFileReference; lastKnownFileType = sourcecode.swift; path = ViewController2.swift; sourceTree = "<group>"; };
		47AF5A8B27DE7493005FD8BD /* Simpsons.swift */ = {isa = PBXFileReference; lastKnownFileType = sourcecode.swift; path = Simpsons.swift; sourceTree = "<group>"; };
/* End PBXFileReference section */

/* Begin PBXFrameworksBuildPhase section */
		47AF5A6F27DE6E74005FD8BD /* Frameworks */ = {
			isa = PBXFrameworksBuildPhase;
			buildActionMask = 2147483647;
			files = (
			);
			runOnlyForDeploymentPostprocessing = 0;
		};
/* End PBXFrameworksBuildPhase section */

/* Begin PBXGroup section */
		47AF5A6927DE6E74005FD8BD = {
			isa = PBXGroup;
			children = (
				47AF5A7427DE6E74005FD8BD /* Simpson */,
				47AF5A7327DE6E74005FD8BD /* Products */,
			);
			sourceTree = "<group>";
		};
		47AF5A7327DE6E74005FD8BD /* Products */ = {
			isa = PBXGroup;
			children = (
				47AF5A7227DE6E74005FD8BD /* Simpson.app */,
			);
			name = Products;
			sourceTree = "<group>";
		};
		47AF5A7427DE6E74005FD8BD /* Simpson */ = {
			isa = PBXGroup;
			children = (
				47AF5A7527DE6E74005FD8BD /* AppDelegate.swift */,
				47AF5A7727DE6E74005FD8BD /* SceneDelegate.swift */,
				47AF5A7927DE6E74005FD8BD /* ViewController.swift */,
				47AF5A8927DE6FF0005FD8BD /* ViewController2.swift */,
				47AF5A8B27DE7493005FD8BD /* Simpsons.swift */,
				47AF5A7B27DE6E74005FD8BD /* Main.storyboard */,
				47AF5A7E27DE6E76005FD8BD /* Assets.xcassets */,
				47AF5A8027DE6E76005FD8BD /* LaunchScreen.storyboard */,
				47AF5A8327DE6E76005FD8BD /* Info.plist */,
			);
			path = Simpson;
			sourceTree = "<group>";
		};
/* End PBXGroup section */

/* Begin PBXNativeTarget section */
		47AF5A7127DE6E74005FD8BD /* Simpson */ = {
			isa = PBXNativeTarget;
			buildConfigurationList = 47AF5A8627DE6E76005FD8BD /* Build configuration list for PBXNativeTarget "Simpson" */;
			buildPhases = (
				47AF5A6E27DE6E74005FD8BD /* Sources */,
				47AF5A6F27DE6E74005FD8BD /* Frameworks */,
				47AF5A7027DE6E74005FD8BD /* Resources */,
			);
			buildRules = (
			);
			dependencies = (
			);
			name = Simpson;
			productName = Simpson;
			productReference = 47AF5A7227DE6E74005FD8BD /* Simpson.app */;
			productType = "com.apple.product-type.application";
		};
/* End PBXNativeTarget section */

/* Begin PBXProject section */
		47AF5A6A27DE6E74005FD8BD /* Project object */ = {
			isa = PBXProject;
			attributes = {
				BuildIndependentTargetsInParallel = 1;
				LastSwiftUpdateCheck = 1320;
				LastUpgradeCheck = 1320;
				TargetAttributes = {
					47AF5A7127DE6E74005FD8BD = {
						CreatedOnToolsVersion = 13.2.1;
					};
				};
			};
			buildConfigurationList = 47AF5A6D27DE6E74005FD8BD /* Build configuration list for PBXProject "Simpson" */;
			compatibilityVersion = "Xcode 13.0";
			developmentRegion = en;
			hasScannedForEncodings = 0;
			knownRegions = (
				en,
				Base,
			);
			mainGroup = 47AF5A6927DE6E74005FD8BD;
			productRefGroup = 47AF5A7327DE6E74005FD8BD /* Products */;
			projectDirPath = "";
			projectRoot = "";
			targets = (
				47AF5A7127DE6E74005FD8BD /* Simpson */,
			);
		};
/* End PBXProject section */

/* Begin PBXResourcesBuildPhase section */
		47AF5A7027DE6E74005FD8BD /* Resources */ = {
			isa = PBXResourcesBuildPhase;
			buildActionMask = 2147483647;
			files = (
				47AF5A8227DE6E76005FD8BD /* LaunchScreen.storyboard in Resources */,
				47AF5A7F27DE6E76005FD8BD /* Assets.xcassets in Resources */,
				47AF5A7D27DE6E74005FD8BD /* Main.storyboard in Resources */,
			);
			runOnlyForDeploymentPostprocessing = 0;
		};
/* End PBXResourcesBuildPhase section */

/* Begin PBXSourcesBuildPhase section */
		47AF5A6E27DE6E74005FD8BD /* Sources */ = {
			isa = PBXSourcesBuildPhase;
			buildActionMask = 2147483647;
			files = (
				47AF5A7A27DE6E74005FD8BD /* ViewController.swift in Sources */,
				47AF5A8A27DE6FF0005FD8BD /* ViewController2.swift in Sources */,
				47AF5A7627DE6E74005FD8BD /* AppDelegate.swift in Sources */,
				47AF5A7827DE6E74005FD8BD /* SceneDelegate.swift in Sources */,
				47AF5A8C27DE7493005FD8BD /* Simpsons.swift in Sources */,
			);
			runOnlyForDeploymentPostprocessing = 0;
		};
/* End PBXSourcesBuildPhase section */

/* Begin PBXVariantGroup section */
		47AF5A7B27DE6E74005FD8BD /* Main.storyboard */ = {
			isa = PBXVariantGroup;
			children = (
				47AF5A7C27DE6E74005FD8BD /* Base */,
			);
			name = Main.storyboard;
			sourceTree = "<group>";
		};
		47AF5A8027DE6E76005FD8BD /* LaunchScreen.storyboard */ = {
			isa = PBXVariantGroup;
			children = (
				47AF5A8127DE6E76005FD8BD /* Base */,
			);
			name = LaunchScreen.storyboard;
			sourceTree = "<group>";
		};
/* End PBXVariantGroup section */

/* Begin XCBuildConfiguration section */
		47AF5A8427DE6E76005FD8BD /* Debug */ = {
			isa = XCBuildConfiguration;
			buildSettings = {
				ALWAYS_SEARCH_USER_PATHS = NO;
				CLANG_ANALYZER_NONNULL = YES;
				CLANG_ANALYZER_NUMBER_OBJECT_CONVERSION = YES_AGGRESSIVE;
				CLANG_CXX_LANGUAGE_STANDARD = "gnu++17";
				CLANG_CXX_LIBRARY = "libc++";
				CLANG_ENABLE_MODULES = YES;
				CLANG_ENABLE_OBJC_ARC = YES;
				CLANG_ENABLE_OBJC_WEAK = YES;
				CLANG_WARN_BLOCK_CAPTURE_AUTORELEASING = YES;
				CLANG_WARN_BOOL_CONVERSION = YES;
				CLANG_WARN_COMMA = YES;
				CLANG_WARN_CONSTANT_CONVERSION = YES;
				CLANG_WARN_DEPRECATED_OBJC_IMPLEMENTATIONS = YES;
				CLANG_WARN_DIRECT_OBJC_ISA_USAGE = YES_ERROR;
				CLANG_WARN_DOCUMENTATION_COMMENTS = YES;
				CLANG_WARN_EMPTY_BODY = YES;
				CLANG_WARN_ENUM_CONVERSION = YES;
				CLANG_WARN_INFINITE_RECURSION = YES;
				CLANG_WARN_INT_CONVERSION = YES;
				CLANG_WARN_NON_LITERAL_NULL_CONVERSION = YES;
				CLANG_WARN_OBJC_IMPLICIT_RETAIN_SELF = YES;
				CLANG_WARN_OBJC_LITERAL_CONVERSION = YES;
				CLANG_WARN_OBJC_ROOT_CLASS = YES_ERROR;
				CLANG_WARN_QUOTED_INCLUDE_IN_FRAMEWORK_HEADER = YES;
				CLANG_WARN_RANGE_LOOP_ANALYSIS = YES;
				CLANG_WARN_STRICT_PROTOTYPES = YES;
				CLANG_WARN_SUSPICIOUS_MOVE = YES;
				CLANG_WARN_UNGUARDED_AVAILABILITY = YES_AGGRESSIVE;
				CLANG_WARN_UNREACHABLE_CODE = YES;
				CLANG_WARN__DUPLICATE_METHOD_MATCH = YES;
				COPY_PHASE_STRIP = NO;
				DEBUG_INFORMATION_FORMAT = dwarf;
				ENABLE_STRICT_OBJC_MSGSEND = YES;
				ENABLE_TESTABILITY = YES;
				GCC_C_LANGUAGE_STANDARD = gnu11;
				GCC_DYNAMIC_NO_PIC = NO;
				GCC_NO_COMMON_BLOCKS = YES;
				GCC_OPTIMIZATION_LEVEL = 0;
				GCC_PREPROCESSOR_DEFINITIONS = (
					"DEBUG=1",
					"$(inherited)",
				);
				GCC_WARN_64_TO_32_BIT_CONVERSION = YES;
				GCC_WARN_ABOUT_RETURN_TYPE = YES_ERROR;
				GCC_WARN_UNDECLARED_SELECTOR = YES;
				GCC_WARN_UNINITIALIZED_AUTOS = YES_AGGRESSIVE;
				GCC_WARN_UNUSED_FUNCTION = YES;
				GCC_WARN_UNUSED_VARIABLE = YES;
				IPHONEOS_DEPLOYMENT_TARGET = 15.2;
				MTL_ENABLE_DEBUG_INFO = INCLUDE_SOURCE;
				MTL_FAST_MATH = YES;
				ONLY_ACTIVE_ARCH = YES;
				SDKROOT = iphoneos;
				SWIFT_ACTIVE_COMPILATION_CONDITIONS = DEBUG;
				SWIFT_OPTIMIZATION_LEVEL = "-Onone";
			};
			name = Debug;
		};
		47AF5A8527DE6E76005FD8BD /* Release */ = {
			isa = XCBuildConfiguration;
			buildSettings = {
				ALWAYS_SEARCH_USER_PATHS = NO;
				CLANG_ANALYZER_NONNULL = YES;
				CLANG_ANALYZER_NUMBER_OBJECT_CONVERSION = YES_AGGRESSIVE;
				CLANG_CXX_LANGUAGE_STANDARD = "gnu++17";
				CLANG_CXX_LIBRARY = "libc++";
				CLANG_ENABLE_MODULES = YES;
				CLANG_ENABLE_OBJC_ARC = YES;
				CLANG_ENABLE_OBJC_WEAK = YES;
				CLANG_WARN_BLOCK_CAPTURE_AUTORELEASING = YES;
				CLANG_WARN_BOOL_CONVERSION = YES;
				CLANG_WARN_COMMA = YES;
				CLANG_WARN_CONSTANT_CONVERSION = YES;
				CLANG_WARN_DEPRECATED_OBJC_IMPLEMENTATIONS = YES;
				CLANG_WARN_DIRECT_OBJC_ISA_USAGE = YES_ERROR;
				CLANG_WARN_DOCUMENTATION_COMMENTS = YES;
				CLANG_WARN_EMPTY_BODY = YES;
				CLANG_WARN_ENUM_CONVERSION = YES;
				CLANG_WARN_INFINITE_RECURSION = YES;
				CLANG_WARN_INT_CONVERSION = YES;
				CLANG_WARN_NON_LITERAL_NULL_CONVERSION = YES;
				CLANG_WARN_OBJC_IMPLICIT_RETAIN_SELF = YES;
				CLANG_WARN_OBJC_LITERAL_CONVERSION = YES;
				CLANG_WARN_OBJC_ROOT_CLASS = YES_ERROR;
				CLANG_WARN_QUOTED_INCLUDE_IN_FRAMEWORK_HEADER = YES;
				CLANG_WARN_RANGE_LOOP_ANALYSIS = YES;
				CLANG_WARN_STRICT_PROTOTYPES = YES;
				CLANG_WARN_SUSPICIOUS_MOVE = YES;
				CLANG_WARN_UNGUARDED_AVAILABILITY = YES_AGGRESSIVE;
				CLANG_WARN_UNREACHABLE_CODE = YES;
				CLANG_WARN__DUPLICATE_METHOD_MATCH = YES;
				COPY_PHASE_STRIP = NO;
				DEBUG_INFORMATION_FORMAT = "dwarf-with-dsym";
				ENABLE_NS_ASSERTIONS = NO;
				ENABLE_STRICT_OBJC_MSGSEND = YES;
				GCC_C_LANGUAGE_STANDARD = gnu11;
				GCC_NO_COMMON_BLOCKS = YES;
				GCC_WARN_64_TO_32_BIT_CONVERSION = YES;
				GCC_WARN_ABOUT_RETURN_TYPE = YES_ERROR;
				GCC_WARN_UNDECLARED_SELECTOR = YES;
				GCC_WARN_UNINITIALIZED_AUTOS = YES_AGGRESSIVE;
				GCC_WARN_UNUSED_FUNCTION = YES;
				GCC_WARN_UNUSED_VARIABLE = YES;
				IPHONEOS_DEPLOYMENT_TARGET = 15.2;
				MTL_ENABLE_DEBUG_INFO = NO;
				MTL_FAST_MATH = YES;
				SDKROOT = iphoneos;
				SWIFT_COMPILATION_MODE = wholemodule;
				SWIFT_OPTIMIZATION_LEVEL = "-O";
				VALIDATE_PRODUCT = YES;
			};
			name = Release;
		};
		47AF5A8727DE6E76005FD8BD /* Debug */ = {
			isa = XCBuildConfiguration;
			buildSettings = {
				ASSETCATALOG_COMPILER_APPICON_NAME = AppIcon;
				ASSETCATALOG_COMPILER_GLOBAL_ACCENT_COLOR_NAME = AccentColor;
				CODE_SIGN_STYLE = Automatic;
				CURRENT_PROJECT_VERSION = 1;
				DEVELOPMENT_TEAM = W8YZQLY66R;
				GENERATE_INFOPLIST_FILE = YES;
				INFOPLIST_FILE = Simpson/Info.plist;
				INFOPLIST_KEY_UIApplicationSupportsIndirectInputEvents = YES;
				INFOPLIST_KEY_UILaunchStoryboardName = LaunchScreen;
				INFOPLIST_KEY_UIMainStoryboardFile = Main;
				INFOPLIST_KEY_UISupportedInterfaceOrientations_iPad = "UIInterfaceOrientationPortrait UIInterfaceOrientationPortraitUpsideDown UIInterfaceOrientationLandscapeLeft UIInterfaceOrientationLandscapeRight";
				INFOPLIST_KEY_UISupportedInterfaceOrientations_iPhone = "UIInterfaceOrientationPortrait UIInterfaceOrientationLandscapeLeft UIInterfaceOrientationLandscapeRight";
				LD_RUNPATH_SEARCH_PATHS = (
					"$(inherited)",
					"@executable_path/Frameworks",
				);
				MARKETING_VERSION = 1.0;
				PRODUCT_BUNDLE_IDENTIFIER = batuunverdi.Simpson;
				PRODUCT_NAME = "$(TARGET_NAME)";
				SWIFT_EMIT_LOC_STRINGS = YES;
				SWIFT_VERSION = 5.0;
				TARGETED_DEVICE_FAMILY = "1,2";
			};
			name = Debug;
		};
		47AF5A8827DE6E76005FD8BD /* Release */ = {
			isa = XCBuildConfiguration;
			buildSettings = {
				ASSETCATALOG_COMPILER_APPICON_NAME = AppIcon;
				ASSETCATALOG_COMPILER_GLOBAL_ACCENT_COLOR_NAME = AccentColor;
				CODE_SIGN_STYLE = Automatic;
				CURRENT_PROJECT_VERSION = 1;
				DEVELOPMENT_TEAM = W8YZQLY66R;
				GENERATE_INFOPLIST_FILE = YES;
				INFOPLIST_FILE = Simpson/Info.plist;
				INFOPLIST_KEY_UIApplicationSupportsIndirectInputEvents = YES;
				INFOPLIST_KEY_UILaunchStoryboardName = LaunchScreen;
				INFOPLIST_KEY_UIMainStoryboardFile = Main;
				INFOPLIST_KEY_UISupportedInterfaceOrientations_iPad = "UIInterfaceOrientationPortrait UIInterfaceOrientationPortraitUpsideDown UIInterfaceOrientationLandscapeLeft UIInterfaceOrientationLandscapeRight";
				INFOPLIST_KEY_UISupportedInterfaceOrientations_iPhone = "UIInterfaceOrientationPortrait UIInterfaceOrientationLandscapeLeft UIInterfaceOrientationLandscapeRight";
				LD_RUNPATH_SEARCH_PATHS = (
					"$(inherited)",
					"@executable_path/Frameworks",
				);
				MARKETING_VERSION = 1.0;
				PRODUCT_BUNDLE_IDENTIFIER = batuunverdi.Simpson;
				PRODUCT_NAME = "$(TARGET_NAME)";
				SWIFT_EMIT_LOC_STRINGS = YES;
				SWIFT_VERSION = 5.0;
				TARGETED_DEVICE_FAMILY = "1,2";
			};
			name = Release;
		};
/* End XCBuildConfiguration section */

/* Begin XCConfigurationList section */
		47AF5A6D27DE6E74005FD8BD /* Build configuration list for PBXProject "Simpson" */ = {
			isa = XCConfigurationList;
			buildConfigurations = (
				47AF5A8427DE6E76005FD8BD /* Debug */,
				47AF5A8527DE6E76005FD8BD /* Release */,
			);
			defaultConfigurationIsVisible = 0;
			defaultConfigurationName = Release;
		};
		47AF5A8627DE6E76005FD8BD /* Build configuration list for PBXNativeTarget "Simpson" */ = {
			isa = XCConfigurationList;
			buildConfigurations = (
				47AF5A8727DE6E76005FD8BD /* Debug */,
				47AF5A8827DE6E76005FD8BD /* Release */,
			);
			defaultConfigurationIsVisible = 0;
			defaultConfigurationName = Release;
		};
/* End XCConfigurationList section */
	};
	rootObject = 47AF5A6A27DE6E74005FD8BD /* Project object */;
}
